
Microsoft Visual Studio Solution File, Format Version 11.00
# Visual Studio 2010
Project("{FAE04EC0-301F-11D3-BF4B-00C04F79EFBC}") = "UnityEngine.TestRunner", "UnityEngine.TestRunner.csproj", "{f47dd338-ddce-2ce9-2217-7a1584f234d1}"
EndProject
Project("{FAE04EC0-301F-11D3-BF4B-00C04F79EFBC}") = "Unity.Timeline", "Unity.Timeline.csproj", "{473c761a-fe2c-bb65-5a01-8c504b4d14d7}"
EndProject
Project("{FAE04EC0-301F-11D3-BF4B-00C04F79EFBC}") = "UnityEngine.UI", "UnityEngine.UI.csproj", "{915f102d-73ce-9459-e6b2-64df63dfbf44}"
EndProject
Project("{FAE04EC0-301F-11D3-BF4B-00C04F79EFBC}") = "Assembly-CSharp", "Assembly-CSharp.csproj", "{1b2e99ba-6613-488e-6eef-7b72b724f773}"
EndProject
Project("{FAE04EC0-301F-11D3-BF4B-00C04F79EFBC}") = "Unity.TextMeshPro", "Unity.TextMeshPro.csproj", "{b8d5688b-0ee4-ef0e-bd42-52b99159db27}"
EndProject
Project("{FAE04EC0-301F-11D3-BF4B-00C04F79EFBC}") = "UnityEditor.TestRunner", "UnityEditor.TestRunner.csproj", "{60d78900-3433-b363-0f4f-196aa049bb65}"
EndProject
Project("{FAE04EC0-301F-11D3-BF4B-00C04F79EFBC}") = "Unity.PlasticSCM.Editor", "Unity.PlasticSCM.Editor.csproj", "{d1bd4147-bbb9-fcf0-1873-a4f7c6fa1c10}"
EndProject
Project("{FAE04EC0-301F-11D3-BF4B-00C04F79EFBC}") = "UnityEditor.UI", "UnityEditor.UI.csproj", "{3b22cc8d-7a9d-e557-8155-6d2bb44bddca}"
EndProject
Project("{FAE04EC0-301F-11D3-BF4B-00C04F79EFBC}") = "Unity.Timeline.Editor", "Unity.Timeline.Editor.csproj", "{1e5c01af-dca3-483d-fcf1-8090896df331}"
EndProject
Project("{FAE04EC0-301F-11D3-BF4B-00C04F79EFBC}") = "Unity.VisualStudio.Editor", "Unity.VisualStudio.Editor.csproj", "{fada1143-d969-07fd-be6c-49f2f8ca28c1}"
EndProject
Project("{FAE04EC0-301F-11D3-BF4B-00C04F79EFBC}") = "Unity.TextMeshPro.Editor", "Unity.TextMeshPro.Editor.csproj", "{c81c8530-b6f8-49ad-23a0-a33b57b3852a}"
EndProject
Project("{FAE04EC0-301F-11D3-BF4B-00C04F79EFBC}") = "Unity.CollabProxy.Editor", "Unity.CollabProxy.Editor.csproj", "{73a95f40-4f4a-78ee-a3bb-c97a264205f3}"
EndProject
Project("{FAE04EC0-301F-11D3-BF4B-00C04F79EFBC}") = "Unity.Rider.Editor", "Unity.Rider.Editor.csproj", "{198b0697-08fc-ab2f-9bb2-b01bef4b556c}"
EndProject
Project("{FAE04EC0-301F-11D3-BF4B-00C04F79EFBC}") = "Unity.VSCode.Editor", "Unity.VSCode.Editor.csproj", "{b4eff9b4-432a-3495-62a4-df5ab83f9f4f}"
EndProject
Global
	GlobalSection(SolutionConfigurationPlatforms) = preSolution
		Debug|Any CPU = Debug|Any CPU
	EndGlobalSection
	GlobalSection(ProjectConfigurationPlatforms) = postSolution
		{f47dd338-ddce-2ce9-2217-7a1584f234d1}.Debug|Any CPU.ActiveCfg = Debug|Any CPU
		{f47dd338-ddce-2ce9-2217-7a1584f234d1}.Debug|Any CPU.Build.0 = Debug|Any CPU
		{473c761a-fe2c-bb65-5a01-8c504b4d14d7}.Debug|Any CPU.ActiveCfg = Debug|Any CPU
		{473c761a-fe2c-bb65-5a01-8c504b4d14d7}.Debug|Any CPU.Build.0 = Debug|Any CPU
		{915f102d-73ce-9459-e6b2-64df63dfbf44}.Debug|Any CPU.ActiveCfg = Debug|Any CPU
		{915f102d-73ce-9459-e6b2-64df63dfbf44}.Debug|Any CPU.Build.0 = Debug|Any CPU
		{1b2e99ba-6613-488e-6eef-7b72b724f773}.Debug|Any CPU.ActiveCfg = Debug|Any CPU
		{1b2e99ba-6613-488e-6eef-7b72b724f773}.Debug|Any CPU.Build.0 = Debug|Any CPU
		{b8d5688b-0ee4-ef0e-bd42-52b99159db27}.Debug|Any CPU.ActiveCfg = Debug|Any CPU
		{b8d5688b-0ee4-ef0e-bd42-52b99159db27}.Debug|Any CPU.Build.0 = Debug|Any CPU
		{60d78900-3433-b363-0f4f-196aa049bb65}.Debug|Any CPU.ActiveCfg = Debug|Any CPU
		{60d78900-3433-b363-0f4f-196aa049bb65}.Debug|Any CPU.Build.0 = Debug|Any CPU
		{d1bd4147-bbb9-fcf0-1873-a4f7c6fa1c10}.Debug|Any CPU.ActiveCfg = Debug|Any CPU
		{d1bd4147-bbb9-fcf0-1873-a4f7c6fa1c10}.Debug|Any CPU.Build.0 = Debug|Any CPU
		{3b22cc8d-7a9d-e557-8155-6d2bb44bddca}.Debug|Any CPU.ActiveCfg = Debug|Any CPU
		{3b22cc8d-7a9d-e557-8155-6d2bb44bddca}.Debug|Any CPU.Build.0 = Debug|Any CPU
		{1e5c01af-dca3-483d-fcf1-8090896df331}.Debug|Any CPU.ActiveCfg = Debug|Any CPU
		{1e5c01af-dca3-483d-fcf1-8090896df331}.Debug|Any CPU.Build.0 = Debug|Any CPU
		{fada1143-d969-07fd-be6c-49f2f8ca28c1}.Debug|Any CPU.ActiveCfg = Debug|Any CPU
		{fada1143-d969-07fd-be6c-49f2f8ca28c1}.Debug|Any CPU.Build.0 = Debug|Any CPU
		{c81c8530-b6f8-49ad-23a0-a33b57b3852a}.Debug|Any CPU.ActiveCfg = Debug|Any CPU
		{c81c8530-b6f8-49ad-23a0-a33b57b3852a}.Debug|Any CPU.Build.0 = Debug|Any CPU
		{73a95f40-4f4a-78ee-a3bb-c97a264205f3}.Debug|Any CPU.ActiveCfg = Debug|Any CPU
		{73a95f40-4f4a-78ee-a3bb-c97a264205f3}.Debug|Any CPU.Build.0 = Debug|Any CPU
		{198b0697-08fc-ab2f-9bb2-b01bef4b556c}.Debug|Any CPU.ActiveCfg = Debug|Any CPU
		{198b0697-08fc-ab2f-9bb2-b01bef4b556c}.Debug|Any CPU.Build.0 = Debug|Any CPU
		{b4eff9b4-432a-3495-62a4-df5ab83f9f4f}.Debug|Any CPU.ActiveCfg = Debug|Any CPU
		{b4eff9b4-432a-3495-62a4-df5ab83f9f4f}.Debug|Any CPU.Build.0 = Debug|Any CPU
	EndGlobalSection
	GlobalSection(SolutionProperties) = preSolution
		HideSolutionNode = FALSE
	EndGlobalSection
EndGlobal
